
Microsoft Visual Studio Solution File, Format Version 12.00
# Visual Studio Version 17
VisualStudioVersion = 17.8.34309.116
MinimumVisualStudioVersion = 10.0.40219.1
Project("{FAE04EC0-301F-11D3-BF4B-00C04F79EFBC}") = "AirFlyInfo", "AirFlyInfo\AirFlyInfo.csproj", "{C287D528-1B35-44A9-8C96-69A0B36EC16F}"
EndProject
Global
	GlobalSection(SolutionConfigurationPlatforms) = preSolution
		Debug|Any CPU = Debug|Any CPU
		Release|Any CPU = Release|Any CPU
	EndGlobalSection
	GlobalSection(ProjectConfigurationPlatforms) = postSolution
		{C287D528-1B35-44A9-8C96-69A0B36EC16F}.Debug|Any CPU.ActiveCfg = Debug|Any CPU
		{C287D528-1B35-44A9-8C96-69A0B36EC16F}.Debug|Any CPU.Build.0 = Debug|Any CPU
		{C287D528-1B35-44A9-8C96-69A0B36EC16F}.Release|Any CPU.ActiveCfg = Release|Any CPU
		{C287D528-1B35-44A9-8C96-69A0B36EC16F}.Release|Any CPU.Build.0 = Release|Any CPU
	EndGlobalSection
	GlobalSection(SolutionProperties) = preSolution
		HideSolutionNode = FALSE
	EndGlobalSection
	GlobalSection(ExtensibilityGlobals) = postSolution
		SolutionGuid = {3266BAB4-B8AA-4F77-BF63-BC933A427667}
	EndGlobalSection
EndGlobal
